
Microsoft Visual Studio Solution File, Format Version 12.00
# Visual Studio Version 17
VisualStudioVersion = 17.8.34511.84
MinimumVisualStudioVersion = 10.0.40219.1
Project("{888888A0-9F3D-457C-B088-3A5042F75D52}") = "PyNumberRecognition", "PyNumberRecognition\PyNumberRecognition.pyproj", "{7676ADDD-4ADB-428A-818C-9B7675A40495}"
EndProject
Project("{9A19103F-16F7-4668-BE54-9A1E7A4F7556}") = "AutonomousParkingApp.StorageCarNumbers", "AutonomousParkingApp.StorageCarNumbers\AutonomousParkingApp.StorageCarNumbers.csproj", "{77FD8558-BF2F-45FA-8E39-8527996E8CAE}"
EndProject
Project("{9A19103F-16F7-4668-BE54-9A1E7A4F7556}") = "TestApp", "TestApp\TestApp.csproj", "{91900E2E-BCCF-4B19-80F9-242313BC7A58}"
EndProject
Project("{FAE04EC0-301F-11D3-BF4B-00C04F79EFBC}") = "AutonomousParkingApp.Client", "AutonomousParkingApp.Client\AutonomousParkingApp.Client.csproj", "{9F05AAAA-1FB5-4204-A4B1-678C4ABDE193}"
EndProject
Project("{FAE04EC0-301F-11D3-BF4B-00C04F79EFBC}") = "AutonomousParkingApp.Authentication", "AutonomousParkingApp.Authentication\AutonomousParkingApp.Authentication.csproj", "{BC748E5F-DC75-43E0-B334-1B6EE60D66BC}"
EndProject
Global
	GlobalSection(SolutionConfigurationPlatforms) = preSolution
		Debug|Any CPU = Debug|Any CPU
		Release|Any CPU = Release|Any CPU
	EndGlobalSection
	GlobalSection(ProjectConfigurationPlatforms) = postSolution
		{7676ADDD-4ADB-428A-818C-9B7675A40495}.Debug|Any CPU.ActiveCfg = Debug|Any CPU
		{7676ADDD-4ADB-428A-818C-9B7675A40495}.Release|Any CPU.ActiveCfg = Release|Any CPU
		{77FD8558-BF2F-45FA-8E39-8527996E8CAE}.Debug|Any CPU.ActiveCfg = Debug|Any CPU
		{77FD8558-BF2F-45FA-8E39-8527996E8CAE}.Debug|Any CPU.Build.0 = Debug|Any CPU
		{77FD8558-BF2F-45FA-8E39-8527996E8CAE}.Release|Any CPU.ActiveCfg = Release|Any CPU
		{77FD8558-BF2F-45FA-8E39-8527996E8CAE}.Release|Any CPU.Build.0 = Release|Any CPU
		{91900E2E-BCCF-4B19-80F9-242313BC7A58}.Debug|Any CPU.ActiveCfg = Debug|Any CPU
		{91900E2E-BCCF-4B19-80F9-242313BC7A58}.Debug|Any CPU.Build.0 = Debug|Any CPU
		{91900E2E-BCCF-4B19-80F9-242313BC7A58}.Release|Any CPU.ActiveCfg = Release|Any CPU
		{91900E2E-BCCF-4B19-80F9-242313BC7A58}.Release|Any CPU.Build.0 = Release|Any CPU
		{9F05AAAA-1FB5-4204-A4B1-678C4ABDE193}.Debug|Any CPU.ActiveCfg = Debug|Any CPU
		{9F05AAAA-1FB5-4204-A4B1-678C4ABDE193}.Debug|Any CPU.Build.0 = Debug|Any CPU
		{9F05AAAA-1FB5-4204-A4B1-678C4ABDE193}.Release|Any CPU.ActiveCfg = Release|Any CPU
		{9F05AAAA-1FB5-4204-A4B1-678C4ABDE193}.Release|Any CPU.Build.0 = Release|Any CPU
		{BC748E5F-DC75-43E0-B334-1B6EE60D66BC}.Debug|Any CPU.ActiveCfg = Debug|Any CPU
		{BC748E5F-DC75-43E0-B334-1B6EE60D66BC}.Debug|Any CPU.Build.0 = Debug|Any CPU
		{BC748E5F-DC75-43E0-B334-1B6EE60D66BC}.Release|Any CPU.ActiveCfg = Release|Any CPU
		{BC748E5F-DC75-43E0-B334-1B6EE60D66BC}.Release|Any CPU.Build.0 = Release|Any CPU
	EndGlobalSection
	GlobalSection(SolutionProperties) = preSolution
		HideSolutionNode = FALSE
	EndGlobalSection
	GlobalSection(ExtensibilityGlobals) = postSolution
		SolutionGuid = {8107EA74-251F-4A47-8C8E-6EC577D6548C}
	EndGlobalSection
EndGlobal
